
Microsoft Visual Studio Solution File, Format Version 12.00
# Visual Studio Version 17
VisualStudioVersion = 17.2.32630.192
MinimumVisualStudioVersion = 10.0.40219.1
Project("{FAE04EC0-301F-11D3-BF4B-00C04F79EFBC}") = "BlazorLastBlocks", "BlazorLastBlocks\BlazorLastBlocks.csproj", "{12A2FD57-85C8-4E26-AB36-8EA79FE817F1}"
EndProject
Global
	GlobalSection(SolutionConfigurationPlatforms) = preSolution
		Debug|Any CPU = Debug|Any CPU
		Release|Any CPU = Release|Any CPU
	EndGlobalSection
	GlobalSection(ProjectConfigurationPlatforms) = postSolution
		{12A2FD57-85C8-4E26-AB36-8EA79FE817F1}.Debug|Any CPU.ActiveCfg = Debug|Any CPU
		{12A2FD57-85C8-4E26-AB36-8EA79FE817F1}.Debug|Any CPU.Build.0 = Debug|Any CPU
		{12A2FD57-85C8-4E26-AB36-8EA79FE817F1}.Release|Any CPU.ActiveCfg = Release|Any CPU
		{12A2FD57-85C8-4E26-AB36-8EA79FE817F1}.Release|Any CPU.Build.0 = Release|Any CPU
	EndGlobalSection
	GlobalSection(SolutionProperties) = preSolution
		HideSolutionNode = FALSE
	EndGlobalSection
	GlobalSection(ExtensibilityGlobals) = postSolution
		SolutionGuid = {EB110828-2DE5-4EF7-97BC-A9A49AB0CB74}
	EndGlobalSection
EndGlobal
